
Microsoft Visual Studio Solution File, Format Version 12.00
# Visual Studio Version 17
VisualStudioVersion = 17.5.33516.290
MinimumVisualStudioVersion = 10.0.40219.1
Project("{FAE04EC0-301F-11D3-BF4B-00C04F79EFBC}") = "Deno-shop", "Deno-shop\Deno-shop.csproj", "{22012BFD-EECF-4FAE-A10B-F510734F1DDE}"
EndProject
Global
	GlobalSection(SolutionConfigurationPlatforms) = preSolution
		Debug|Any CPU = Debug|Any CPU
		Release|Any CPU = Release|Any CPU
	EndGlobalSection
	GlobalSection(ProjectConfigurationPlatforms) = postSolution
		{22012BFD-EECF-4FAE-A10B-F510734F1DDE}.Debug|Any CPU.ActiveCfg = Debug|Any CPU
		{22012BFD-EECF-4FAE-A10B-F510734F1DDE}.Debug|Any CPU.Build.0 = Debug|Any CPU
		{22012BFD-EECF-4FAE-A10B-F510734F1DDE}.Release|Any CPU.ActiveCfg = Release|Any CPU
		{22012BFD-EECF-4FAE-A10B-F510734F1DDE}.Release|Any CPU.Build.0 = Release|Any CPU
	EndGlobalSection
	GlobalSection(SolutionProperties) = preSolution
		HideSolutionNode = FALSE
	EndGlobalSection
	GlobalSection(ExtensibilityGlobals) = postSolution
		SolutionGuid = {6B71203C-1F5C-4D26-A61B-F7D2D0B501B4}
	EndGlobalSection
EndGlobal
